
Microsoft Visual Studio Solution File, Format Version 12.00
# Visual Studio 2012
Project("{FAE04EC0-301F-11D3-BF4B-00C04F79EFBC}") = "LibraryCatalog", "LibraryCatalog\LibraryCatalog.csproj", "{1573F9E2-F5E2-4377-BF46-40C353ABFAF7}"
EndProject
Project("{FAE04EC0-301F-11D3-BF4B-00C04F79EFBC}") = "LibraryCatalog.Tests", "LibraryCatalog.Tests\LibraryCatalog.Tests.csproj", "{6DB117CF-F643-4854-BEA0-986D52B977A9}"
EndProject
Global
	GlobalSection(SolutionConfigurationPlatforms) = preSolution
		Debug|Any CPU = Debug|Any CPU
		Release|Any CPU = Release|Any CPU
	EndGlobalSection
	GlobalSection(ProjectConfigurationPlatforms) = postSolution
		{1573F9E2-F5E2-4377-BF46-40C353ABFAF7}.Debug|Any CPU.ActiveCfg = Debug|Any CPU
		{1573F9E2-F5E2-4377-BF46-40C353ABFAF7}.Debug|Any CPU.Build.0 = Debug|Any CPU
		{1573F9E2-F5E2-4377-BF46-40C353ABFAF7}.Release|Any CPU.ActiveCfg = Release|Any CPU
		{1573F9E2-F5E2-4377-BF46-40C353ABFAF7}.Release|Any CPU.Build.0 = Release|Any CPU
		{6DB117CF-F643-4854-BEA0-986D52B977A9}.Debug|Any CPU.ActiveCfg = Debug|Any CPU
		{6DB117CF-F643-4854-BEA0-986D52B977A9}.Debug|Any CPU.Build.0 = Debug|Any CPU
		{6DB117CF-F643-4854-BEA0-986D52B977A9}.Release|Any CPU.ActiveCfg = Release|Any CPU
		{6DB117CF-F643-4854-BEA0-986D52B977A9}.Release|Any CPU.Build.0 = Release|Any CPU
	EndGlobalSection
EndGlobal
